# THIS IS AN AUTOGENERATED FILE. DO NOT EDIT THIS FILE DIRECTLY.
# yarn lockfile v1


cloudbase-accesstoken-cache@^1.1.2:
  version "1.1.2"
  resolved "https://registry.npmmirror.com/cloudbase-accesstoken-cache/download/cloudbase-accesstoken-cache-1.1.2.tgz#5960ec9350aafdcc336de0c64c7e50053bb2db78"
  integrity sha512-hy3eoXIBJfbxdORikNux8SRDRCKKPFG3vh5McE7OQTiWPAxU0vvkgE+iGAd59BNQxm5pYNcBLjoucG1JWWsvMQ==
